
Microsoft Visual Studio Solution File, Format Version 12.00
# Visual Studio Version 16
VisualStudioVersion = 16.0.30611.23
MinimumVisualStudioVersion = 10.0.40219.1
Project("{8BC9CEB8-8B4A-11D0-8D11-00A0C91BC942}") = "HeapSort", "HeapSort\HeapSort.vcxproj", "{2D2B1171-2392-4823-BA6D-96436398DEC9}"
EndProject
Project("{8BC9CEB8-8B4A-11D0-8D11-00A0C91BC942}") = "HeapSortList", "HeapSortList\HeapSortList.vcxproj", "{B1BE4B78-7ACE-46F1-9E7D-FF7F2F66BE29}"
EndProject
Project("{8BC9CEB8-8B4A-11D0-8D11-00A0C91BC942}") = "HeapSortDisk", "HeapSortDisk\HeapSortDisk.vcxproj", "{FD868194-6EFB-4149-AD1C-00FD00A7DC17}"
EndProject
Global
	GlobalSection(SolutionConfigurationPlatforms) = preSolution
		Debug|x64 = Debug|x64
		Debug|x86 = Debug|x86
		Release|x64 = Release|x64
		Release|x86 = Release|x86
	EndGlobalSection
	GlobalSection(ProjectConfigurationPlatforms) = postSolution
		{2D2B1171-2392-4823-BA6D-96436398DEC9}.Debug|x64.ActiveCfg = Debug|x64
		{2D2B1171-2392-4823-BA6D-96436398DEC9}.Debug|x64.Build.0 = Debug|x64
		{2D2B1171-2392-4823-BA6D-96436398DEC9}.Debug|x86.ActiveCfg = Debug|Win32
		{2D2B1171-2392-4823-BA6D-96436398DEC9}.Debug|x86.Build.0 = Debug|Win32
		{2D2B1171-2392-4823-BA6D-96436398DEC9}.Release|x64.ActiveCfg = Release|x64
		{2D2B1171-2392-4823-BA6D-96436398DEC9}.Release|x64.Build.0 = Release|x64
		{2D2B1171-2392-4823-BA6D-96436398DEC9}.Release|x86.ActiveCfg = Release|Win32
		{2D2B1171-2392-4823-BA6D-96436398DEC9}.Release|x86.Build.0 = Release|Win32
		{B1BE4B78-7ACE-46F1-9E7D-FF7F2F66BE29}.Debug|x64.ActiveCfg = Debug|x64
		{B1BE4B78-7ACE-46F1-9E7D-FF7F2F66BE29}.Debug|x64.Build.0 = Debug|x64
		{B1BE4B78-7ACE-46F1-9E7D-FF7F2F66BE29}.Debug|x86.ActiveCfg = Debug|Win32
		{B1BE4B78-7ACE-46F1-9E7D-FF7F2F66BE29}.Debug|x86.Build.0 = Debug|Win32
		{B1BE4B78-7ACE-46F1-9E7D-FF7F2F66BE29}.Release|x64.ActiveCfg = Release|x64
		{B1BE4B78-7ACE-46F1-9E7D-FF7F2F66BE29}.Release|x64.Build.0 = Release|x64
		{B1BE4B78-7ACE-46F1-9E7D-FF7F2F66BE29}.Release|x86.ActiveCfg = Release|Win32
		{B1BE4B78-7ACE-46F1-9E7D-FF7F2F66BE29}.Release|x86.Build.0 = Release|Win32
		{FD868194-6EFB-4149-AD1C-00FD00A7DC17}.Debug|x64.ActiveCfg = Debug|x64
		{FD868194-6EFB-4149-AD1C-00FD00A7DC17}.Debug|x64.Build.0 = Debug|x64
		{FD868194-6EFB-4149-AD1C-00FD00A7DC17}.Debug|x86.ActiveCfg = Debug|Win32
		{FD868194-6EFB-4149-AD1C-00FD00A7DC17}.Debug|x86.Build.0 = Debug|Win32
		{FD868194-6EFB-4149-AD1C-00FD00A7DC17}.Release|x64.ActiveCfg = Release|x64
		{FD868194-6EFB-4149-AD1C-00FD00A7DC17}.Release|x64.Build.0 = Release|x64
		{FD868194-6EFB-4149-AD1C-00FD00A7DC17}.Release|x86.ActiveCfg = Release|Win32
		{FD868194-6EFB-4149-AD1C-00FD00A7DC17}.Release|x86.Build.0 = Release|Win32
	EndGlobalSection
	GlobalSection(SolutionProperties) = preSolution
		HideSolutionNode = FALSE
	EndGlobalSection
	GlobalSection(ExtensibilityGlobals) = postSolution
		SolutionGuid = {63FA0A7D-F5D7-48C6-9298-A897D0FE4878}
	EndGlobalSection
EndGlobal
